
Microsoft Visual Studio Solution File, Format Version 12.00
# Visual Studio Version 17
VisualStudioVersion = 17.3.32519.111
MinimumVisualStudioVersion = 10.0.40219.1
Project("{2150E333-8FDC-42A3-9474-1A3956D46DE8}") = "Mongo", "Mongo", "{44B212AF-424A-443D-A83E-6740672EC4D6}"
EndProject
Project("{9A19103F-16F7-4668-BE54-9A1E7A4F7556}") = "Hoyo.Mongo", "Mongo\Hoyo.Mongo\Hoyo.Mongo.csproj", "{B336533C-83CD-4A7E-9A6F-3633F203F181}"
EndProject
Project("{9A19103F-16F7-4668-BE54-9A1E7A4F7556}") = "Hoyo.Mongo.GridFS", "Mongo\Hoyo.Mongo.GridFS\Hoyo.Mongo.GridFS.csproj", "{767B3168-F960-4C66-B078-8EE456DC1AB6}"
EndProject
Project("{2150E333-8FDC-42A3-9474-1A3956D46DE8}") = "Framework", "Framework", "{4430E604-6498-4A24-9328-5B053519F964}"
EndProject
Project("{9A19103F-16F7-4668-BE54-9A1E7A4F7556}") = "Hoyo.Mongo.GridFS.Extension", "Mongo\Hoyo.Mongo.GridFS.Extension\Hoyo.Mongo.GridFS.Extension.csproj", "{D661CFFF-3C0E-4A15-820D-154666588119}"
EndProject
Project("{2150E333-8FDC-42A3-9474-1A3956D46DE8}") = "Tools", "Tools", "{09C70852-4850-4351-9DA1-6521AA0A04F0}"
EndProject
Project("{9A19103F-16F7-4668-BE54-9A1E7A4F7556}") = "Hoyo.Tools", "Tools\Hoyo.Tools\Hoyo.Tools.csproj", "{3014D8B1-51F5-4C0B-B475-1C6F8FC38355}"
EndProject
Project("{9A19103F-16F7-4668-BE54-9A1E7A4F7556}") = "Hoyo.AutoDependencyInjectionModule", "Framework\Hoyo.AutoDependencyInjectionModule\Hoyo.AutoDependencyInjectionModule.csproj", "{EA6706DB-D385-448B-9BC4-164F9D329496}"
EndProject
Project("{9A19103F-16F7-4668-BE54-9A1E7A4F7556}") = "Hoyo.Extension", "Framework\Hoyo.Extension\Hoyo.Extension.csproj", "{16468F1C-C6A4-4568-B9E0-34EF4EF09366}"
EndProject
Project("{9A19103F-16F7-4668-BE54-9A1E7A4F7556}") = "Hoyo.Enums", "Framework\Hoyo.Enums\Hoyo.Enums.csproj", "{D3EE52F9-731D-492A-9038-B2396C456810}"
EndProject
Project("{9A19103F-16F7-4668-BE54-9A1E7A4F7556}") = "Hoyo.Universal", "Framework\Hoyo.Universal\Hoyo.Universal.csproj", "{2D57812F-5C81-4B7C-8249-D87F8887DABA}"
EndProject
Project("{9A19103F-16F7-4668-BE54-9A1E7A4F7556}") = "Hoyo.Framework.NativeAssets", "Framework\Hoyo.Framework.NativeAssets\Hoyo.Framework.NativeAssets.csproj", "{7C8964A5-053A-438B-AC23-D2428567BFBD}"
EndProject
Project("{2150E333-8FDC-42A3-9474-1A3956D46DE8}") = "WebCore", "WebCore", "{0CF60598-E229-4F1E-AFBB-09E2FF70C717}"
EndProject
Project("{9A19103F-16F7-4668-BE54-9A1E7A4F7556}") = "Hoyo.WebCore", "WebCore\Hoyo.WebCore\Hoyo.WebCore.csproj", "{9630FEC9-506D-4809-9ABB-78ABA0246DF5}"
EndProject
Project("{9A19103F-16F7-4668-BE54-9A1E7A4F7556}") = "Hoyo.IdentityServer.Storage.MongoDB", "Mongo\Hoyo.IdentityServer.Storage.MongoDB\Hoyo.IdentityServer.Storage.MongoDB.csproj", "{CCC4E967-8CD2-450E-8AA0-FBAD58E222BD}"
EndProject
Project("{9A19103F-16F7-4668-BE54-9A1E7A4F7556}") = "example.net7.api", "example.net7.api\example.net7.api.csproj", "{6F5CF88D-97C6-4421-B990-9731BE7979F5}"
EndProject
Global
	GlobalSection(SolutionConfigurationPlatforms) = preSolution
		Debug|Any CPU = Debug|Any CPU
		Release|Any CPU = Release|Any CPU
	EndGlobalSection
	GlobalSection(ProjectConfigurationPlatforms) = postSolution
		{B336533C-83CD-4A7E-9A6F-3633F203F181}.Debug|Any CPU.ActiveCfg = Debug|Any CPU
		{B336533C-83CD-4A7E-9A6F-3633F203F181}.Debug|Any CPU.Build.0 = Debug|Any CPU
		{B336533C-83CD-4A7E-9A6F-3633F203F181}.Release|Any CPU.ActiveCfg = Release|Any CPU
		{B336533C-83CD-4A7E-9A6F-3633F203F181}.Release|Any CPU.Build.0 = Release|Any CPU
		{767B3168-F960-4C66-B078-8EE456DC1AB6}.Debug|Any CPU.ActiveCfg = Debug|Any CPU
		{767B3168-F960-4C66-B078-8EE456DC1AB6}.Debug|Any CPU.Build.0 = Debug|Any CPU
		{767B3168-F960-4C66-B078-8EE456DC1AB6}.Release|Any CPU.ActiveCfg = Release|Any CPU
		{767B3168-F960-4C66-B078-8EE456DC1AB6}.Release|Any CPU.Build.0 = Release|Any CPU
		{D661CFFF-3C0E-4A15-820D-154666588119}.Debug|Any CPU.ActiveCfg = Debug|Any CPU
		{D661CFFF-3C0E-4A15-820D-154666588119}.Debug|Any CPU.Build.0 = Debug|Any CPU
		{D661CFFF-3C0E-4A15-820D-154666588119}.Release|Any CPU.ActiveCfg = Release|Any CPU
		{D661CFFF-3C0E-4A15-820D-154666588119}.Release|Any CPU.Build.0 = Release|Any CPU
		{3014D8B1-51F5-4C0B-B475-1C6F8FC38355}.Debug|Any CPU.ActiveCfg = Debug|Any CPU
		{3014D8B1-51F5-4C0B-B475-1C6F8FC38355}.Debug|Any CPU.Build.0 = Debug|Any CPU
		{3014D8B1-51F5-4C0B-B475-1C6F8FC38355}.Release|Any CPU.ActiveCfg = Release|Any CPU
		{3014D8B1-51F5-4C0B-B475-1C6F8FC38355}.Release|Any CPU.Build.0 = Release|Any CPU
		{EA6706DB-D385-448B-9BC4-164F9D329496}.Debug|Any CPU.ActiveCfg = Debug|Any CPU
		{EA6706DB-D385-448B-9BC4-164F9D329496}.Debug|Any CPU.Build.0 = Debug|Any CPU
		{EA6706DB-D385-448B-9BC4-164F9D329496}.Release|Any CPU.ActiveCfg = Release|Any CPU
		{EA6706DB-D385-448B-9BC4-164F9D329496}.Release|Any CPU.Build.0 = Release|Any CPU
		{16468F1C-C6A4-4568-B9E0-34EF4EF09366}.Debug|Any CPU.ActiveCfg = Debug|Any CPU
		{16468F1C-C6A4-4568-B9E0-34EF4EF09366}.Debug|Any CPU.Build.0 = Debug|Any CPU
		{16468F1C-C6A4-4568-B9E0-34EF4EF09366}.Release|Any CPU.ActiveCfg = Release|Any CPU
		{16468F1C-C6A4-4568-B9E0-34EF4EF09366}.Release|Any CPU.Build.0 = Release|Any CPU
		{D3EE52F9-731D-492A-9038-B2396C456810}.Debug|Any CPU.ActiveCfg = Debug|Any CPU
		{D3EE52F9-731D-492A-9038-B2396C456810}.Debug|Any CPU.Build.0 = Debug|Any CPU
		{D3EE52F9-731D-492A-9038-B2396C456810}.Release|Any CPU.ActiveCfg = Release|Any CPU
		{D3EE52F9-731D-492A-9038-B2396C456810}.Release|Any CPU.Build.0 = Release|Any CPU
		{2D57812F-5C81-4B7C-8249-D87F8887DABA}.Debug|Any CPU.ActiveCfg = Debug|Any CPU
		{2D57812F-5C81-4B7C-8249-D87F8887DABA}.Debug|Any CPU.Build.0 = Debug|Any CPU
		{2D57812F-5C81-4B7C-8249-D87F8887DABA}.Release|Any CPU.ActiveCfg = Release|Any CPU
		{2D57812F-5C81-4B7C-8249-D87F8887DABA}.Release|Any CPU.Build.0 = Release|Any CPU
		{7C8964A5-053A-438B-AC23-D2428567BFBD}.Debug|Any CPU.ActiveCfg = Debug|Any CPU
		{7C8964A5-053A-438B-AC23-D2428567BFBD}.Debug|Any CPU.Build.0 = Debug|Any CPU
		{7C8964A5-053A-438B-AC23-D2428567BFBD}.Release|Any CPU.ActiveCfg = Release|Any CPU
		{7C8964A5-053A-438B-AC23-D2428567BFBD}.Release|Any CPU.Build.0 = Release|Any CPU
		{9630FEC9-506D-4809-9ABB-78ABA0246DF5}.Debug|Any CPU.ActiveCfg = Debug|Any CPU
		{9630FEC9-506D-4809-9ABB-78ABA0246DF5}.Debug|Any CPU.Build.0 = Debug|Any CPU
		{9630FEC9-506D-4809-9ABB-78ABA0246DF5}.Release|Any CPU.ActiveCfg = Release|Any CPU
		{9630FEC9-506D-4809-9ABB-78ABA0246DF5}.Release|Any CPU.Build.0 = Release|Any CPU
		{CCC4E967-8CD2-450E-8AA0-FBAD58E222BD}.Debug|Any CPU.ActiveCfg = Debug|Any CPU
		{CCC4E967-8CD2-450E-8AA0-FBAD58E222BD}.Debug|Any CPU.Build.0 = Debug|Any CPU
		{CCC4E967-8CD2-450E-8AA0-FBAD58E222BD}.Release|Any CPU.ActiveCfg = Release|Any CPU
		{CCC4E967-8CD2-450E-8AA0-FBAD58E222BD}.Release|Any CPU.Build.0 = Release|Any CPU
		{6F5CF88D-97C6-4421-B990-9731BE7979F5}.Debug|Any CPU.ActiveCfg = Debug|Any CPU
		{6F5CF88D-97C6-4421-B990-9731BE7979F5}.Debug|Any CPU.Build.0 = Debug|Any CPU
		{6F5CF88D-97C6-4421-B990-9731BE7979F5}.Release|Any CPU.ActiveCfg = Release|Any CPU
		{6F5CF88D-97C6-4421-B990-9731BE7979F5}.Release|Any CPU.Build.0 = Release|Any CPU
		{8CE82CBD-9EF7-4957-9C59-19301671A82D}.Debug|Any CPU.ActiveCfg = Debug|Any CPU
		{8CE82CBD-9EF7-4957-9C59-19301671A82D}.Debug|Any CPU.Build.0 = Debug|Any CPU
		{8CE82CBD-9EF7-4957-9C59-19301671A82D}.Release|Any CPU.ActiveCfg = Release|Any CPU
		{8CE82CBD-9EF7-4957-9C59-19301671A82D}.Release|Any CPU.Build.0 = Release|Any CPU
		{88A1A39E-56FF-454F-AC80-E5B7FAED7E7A}.Debug|Any CPU.ActiveCfg = Debug|Any CPU
		{88A1A39E-56FF-454F-AC80-E5B7FAED7E7A}.Debug|Any CPU.Build.0 = Debug|Any CPU
		{88A1A39E-56FF-454F-AC80-E5B7FAED7E7A}.Release|Any CPU.ActiveCfg = Release|Any CPU
		{88A1A39E-56FF-454F-AC80-E5B7FAED7E7A}.Release|Any CPU.Build.0 = Release|Any CPU
		{A0B800A3-3DC7-4179-A6B4-80C7DC5FBFB1}.Debug|Any CPU.ActiveCfg = Debug|Any CPU
		{A0B800A3-3DC7-4179-A6B4-80C7DC5FBFB1}.Debug|Any CPU.Build.0 = Debug|Any CPU
		{A0B800A3-3DC7-4179-A6B4-80C7DC5FBFB1}.Release|Any CPU.ActiveCfg = Release|Any CPU
		{A0B800A3-3DC7-4179-A6B4-80C7DC5FBFB1}.Release|Any CPU.Build.0 = Release|Any CPU
		{A4730DB3-EE9E-4CB8-9429-72AD7E72BEE6}.Debug|Any CPU.ActiveCfg = Debug|Any CPU
		{A4730DB3-EE9E-4CB8-9429-72AD7E72BEE6}.Debug|Any CPU.Build.0 = Debug|Any CPU
		{A4730DB3-EE9E-4CB8-9429-72AD7E72BEE6}.Release|Any CPU.ActiveCfg = Release|Any CPU
		{A4730DB3-EE9E-4CB8-9429-72AD7E72BEE6}.Release|Any CPU.Build.0 = Release|Any CPU
		{E9CD3D2C-0719-4D50-A72C-34034CD85091}.Debug|Any CPU.ActiveCfg = Debug|Any CPU
		{E9CD3D2C-0719-4D50-A72C-34034CD85091}.Debug|Any CPU.Build.0 = Debug|Any CPU
		{E9CD3D2C-0719-4D50-A72C-34034CD85091}.Release|Any CPU.ActiveCfg = Release|Any CPU
		{E9CD3D2C-0719-4D50-A72C-34034CD85091}.Release|Any CPU.Build.0 = Release|Any CPU
	EndGlobalSection
	GlobalSection(SolutionProperties) = preSolution
		HideSolutionNode = FALSE
	EndGlobalSection
	GlobalSection(NestedProjects) = preSolution
		{B336533C-83CD-4A7E-9A6F-3633F203F181} = {44B212AF-424A-443D-A83E-6740672EC4D6}
		{767B3168-F960-4C66-B078-8EE456DC1AB6} = {44B212AF-424A-443D-A83E-6740672EC4D6}
		{D661CFFF-3C0E-4A15-820D-154666588119} = {44B212AF-424A-443D-A83E-6740672EC4D6}
		{3014D8B1-51F5-4C0B-B475-1C6F8FC38355} = {09C70852-4850-4351-9DA1-6521AA0A04F0}
		{EA6706DB-D385-448B-9BC4-164F9D329496} = {4430E604-6498-4A24-9328-5B053519F964}
		{16468F1C-C6A4-4568-B9E0-34EF4EF09366} = {4430E604-6498-4A24-9328-5B053519F964}
		{D3EE52F9-731D-492A-9038-B2396C456810} = {4430E604-6498-4A24-9328-5B053519F964}
		{2D57812F-5C81-4B7C-8249-D87F8887DABA} = {4430E604-6498-4A24-9328-5B053519F964}
		{7C8964A5-053A-438B-AC23-D2428567BFBD} = {4430E604-6498-4A24-9328-5B053519F964}
		{9630FEC9-506D-4809-9ABB-78ABA0246DF5} = {0CF60598-E229-4F1E-AFBB-09E2FF70C717}
		{CCC4E967-8CD2-450E-8AA0-FBAD58E222BD} = {44B212AF-424A-443D-A83E-6740672EC4D6}
		{8CE82CBD-9EF7-4957-9C59-19301671A82D} = {1AD8A24D-E847-467F-BDE5-D509461A7815}
		{88A1A39E-56FF-454F-AC80-E5B7FAED7E7A} = {1AD8A24D-E847-467F-BDE5-D509461A7815}
	EndGlobalSection
	GlobalSection(ExtensibilityGlobals) = postSolution
		SolutionGuid = {F4651E82-3B77-4793-A9AA-BADAF35F55DF}
	EndGlobalSection
EndGlobal
